# THIS IS AN AUTOGENERATED FILE. DO NOT EDIT THIS FILE DIRECTLY.
# yarn lockfile v1


"@bitauth/libauth@^1.17.1":
  version "1.18.1"
  resolved "https://registry.yarnpkg.com/@bitauth/libauth/-/libauth-1.18.1.tgz#b1c632ed85f73c16a0ff89d81e8a92809fa15108"
  integrity sha512-s7evdGbdGAnGkv7xt6mCbcWTTNvburc1Z9EX/8JKwcRLqofjDs7VAEz+RP3a8OGEo4MWFV6Ydqu/BeJjIA7Kdg==

"@ebot7/sdk@^0.1.0":
  version "0.1.0"
  resolved "https://registry.yarnpkg.com/@ebot7/sdk/-/sdk-0.1.0.tgz#3f7e97a7e3481843037752bb7b59b770e20d0917"
  integrity sha512-sObbQnqtHcVy21f9FgBEH6/M7nTWAALqGN7KmPXR9RXlBmtLB1X55WgSHfgVy1zeU4bsp5G8YKMpgqRrNv+M9Q==
  dependencies:
    "@bitauth/libauth" "^1.17.1"
    "@types/node" "^14.14.41"
    axios "^0.21.1"

"@types/node@^14.14.41":
  version "14.17.3"
  resolved "https://registry.yarnpkg.com/@types/node/-/node-14.17.3.tgz#6d327abaa4be34a74e421ed6409a0ae2f47f4c3d"
  integrity sha512-e6ZowgGJmTuXa3GyaPbTGxX17tnThl2aSSizrFthQ7m9uLGZBXiGhgE55cjRZTF5kjZvYn9EOPOMljdjwbflxw==

axios@^0.21.1:
  version "0.21.1"
  resolved "https://registry.yarnpkg.com/axios/-/axios-0.21.1.tgz#22563481962f4d6bde9a76d516ef0e5d3c09b2b8"
  integrity sha512-dKQiRHxGD9PPRIUNIWvZhPTPpl1rf/OxTYKsqKUDjBwYylTvV7SjSHJb9ratfyzM6wCdLCOYLzs73qpg5c4iGA==
  dependencies:
    follow-redirects "^1.10.0"

follow-redirects@^1.10.0:
  version "1.14.1"
  resolved "https://registry.yarnpkg.com/follow-redirects/-/follow-redirects-1.14.1.tgz#d9114ded0a1cfdd334e164e6662ad02bfd91ff43"
  integrity sha512-HWqDgT7ZEkqRzBvc2s64vSZ/hfOceEol3ac/7tKwzuvEyWx3/4UegXh5oBOIotkGsObyk3xznnSRVADBgWSQVg==
